
Microsoft Visual Studio Solution File, Format Version 12.00
# Visual Studio Version 16
VisualStudioVersion = 16.0.32510.428
MinimumVisualStudioVersion = 10.0.40219.1
Project("{FAE04EC0-301F-11D3-BF4B-00C04F79EFBC}") = "FrontToBack-Task", "FrontToBack-Task.csproj", "{A41F516B-E975-4281-9E3E-4313EAB23B1B}"
EndProject
Global
	GlobalSection(SolutionConfigurationPlatforms) = preSolution
		Debug|Any CPU = Debug|Any CPU
		Release|Any CPU = Release|Any CPU
	EndGlobalSection
	GlobalSection(ProjectConfigurationPlatforms) = postSolution
		{A41F516B-E975-4281-9E3E-4313EAB23B1B}.Debug|Any CPU.ActiveCfg = Debug|Any CPU
		{A41F516B-E975-4281-9E3E-4313EAB23B1B}.Debug|Any CPU.Build.0 = Debug|Any CPU
		{A41F516B-E975-4281-9E3E-4313EAB23B1B}.Release|Any CPU.ActiveCfg = Release|Any CPU
		{A41F516B-E975-4281-9E3E-4313EAB23B1B}.Release|Any CPU.Build.0 = Release|Any CPU
	EndGlobalSection
	GlobalSection(SolutionProperties) = preSolution
		HideSolutionNode = FALSE
	EndGlobalSection
	GlobalSection(ExtensibilityGlobals) = postSolution
		SolutionGuid = {E6BA142B-39A3-4B00-8FF2-B41806463886}
	EndGlobalSection
EndGlobal
